
Microsoft Visual Studio Solution File, Format Version 12.00
# Visual Studio 15
VisualStudioVersion = 15.0.28307.168
MinimumVisualStudioVersion = 10.0.40219.1
Project("{FAE04EC0-301F-11D3-BF4B-00C04F79EFBC}") = "File Project GUI", "File Project GUI\File Project GUI.csproj", "{D71E6989-EF01-4979-B8A8-B23D97B22D9F}"
EndProject
Global
	GlobalSection(SolutionConfigurationPlatforms) = preSolution
		Debug|Any CPU = Debug|Any CPU
		Release|Any CPU = Release|Any CPU
	EndGlobalSection
	GlobalSection(ProjectConfigurationPlatforms) = postSolution
		{D71E6989-EF01-4979-B8A8-B23D97B22D9F}.Debug|Any CPU.ActiveCfg = Debug|Any CPU
		{D71E6989-EF01-4979-B8A8-B23D97B22D9F}.Debug|Any CPU.Build.0 = Debug|Any CPU
		{D71E6989-EF01-4979-B8A8-B23D97B22D9F}.Release|Any CPU.ActiveCfg = Release|Any CPU
		{D71E6989-EF01-4979-B8A8-B23D97B22D9F}.Release|Any CPU.Build.0 = Release|Any CPU
	EndGlobalSection
	GlobalSection(SolutionProperties) = preSolution
		HideSolutionNode = FALSE
	EndGlobalSection
	GlobalSection(ExtensibilityGlobals) = postSolution
		SolutionGuid = {1051FB6C-726E-45D4-8E5B-75167C53C760}
	EndGlobalSection
EndGlobal
